// !$*UTF8*$!
{
	archiveVersion = 1;
	classes = {
	};
	objectVersion = 56;
	objects = {

/* Begin PBXBuildFile section */
		065E46F72877158900D32E05 /* NetworkManager.swift in Sources */ = {isa = PBXBuildFile; fileRef = 065E46F62877158900D32E05 /* NetworkManager.swift */; };
		065E46FA287721F500D32E05 /* Alamofire in Frameworks */ = {isa = PBXBuildFile; productRef = 065E46F9287721F500D32E05 /* Alamofire */; };
		0664F3AE2874303200F7EA1B /* MapController.swift in Sources */ = {isa = PBXBuildFile; fileRef = 0664F3AD2874303200F7EA1B /* MapController.swift */; };
		0664F3B0287436C200F7EA1B /* Places.swift in Sources */ = {isa = PBXBuildFile; fileRef = 0664F3AF287436C200F7EA1B /* Places.swift */; };
		0664F3B22874464F00F7EA1B /* UpdateUserProfilView.swift in Sources */ = {isa = PBXBuildFile; fileRef = 0664F3B12874464F00F7EA1B /* UpdateUserProfilView.swift */; };
		0664F3B42874482200F7EA1B /* EditUserInfoTileView.swift in Sources */ = {isa = PBXBuildFile; fileRef = 0664F3B32874482200F7EA1B /* EditUserInfoTileView.swift */; };
		0664F3B62875865700F7EA1B /* VolunteersView.swift in Sources */ = {isa = PBXBuildFile; fileRef = 0664F3B52875865700F7EA1B /* VolunteersView.swift */; };
		0664F3B8287586B000F7EA1B /* Volunteer.swift in Sources */ = {isa = PBXBuildFile; fileRef = 0664F3B7287586B000F7EA1B /* Volunteer.swift */; };
		0664F3BA287586C000F7EA1B /* VolunteerManager.swift in Sources */ = {isa = PBXBuildFile; fileRef = 0664F3B9287586C000F7EA1B /* VolunteerManager.swift */; };
		0664F3BC287586FC00F7EA1B /* VolunteerController.swift in Sources */ = {isa = PBXBuildFile; fileRef = 0664F3BB287586FC00F7EA1B /* VolunteerController.swift */; };
		0664F3C0287594C700F7EA1B /* UserProfilView.swift in Sources */ = {isa = PBXBuildFile; fileRef = 0664F3BF287594C700F7EA1B /* UserProfilView.swift */; };
		0664F3C2287594EE00F7EA1B /* ProfilView.swift in Sources */ = {isa = PBXBuildFile; fileRef = 0664F3C1287594EE00F7EA1B /* ProfilView.swift */; };
		0664F3C42875A82D00F7EA1B /* TripController.swift in Sources */ = {isa = PBXBuildFile; fileRef = 0664F3C32875A82D00F7EA1B /* TripController.swift */; };
		0664F3C62875A85400F7EA1B /* TripManager.swift in Sources */ = {isa = PBXBuildFile; fileRef = 0664F3C52875A85400F7EA1B /* TripManager.swift */; };
		0664F3C82875AC1F00F7EA1B /* TripView.swift in Sources */ = {isa = PBXBuildFile; fileRef = 0664F3C72875AC1F00F7EA1B /* TripView.swift */; };
		0664F3CB2875B76300F7EA1B /* DetailedTripView.swift in Sources */ = {isa = PBXBuildFile; fileRef = 0664F3CA2875B76300F7EA1B /* DetailedTripView.swift */; };
		0664F3CD2875C1F000F7EA1B /* AddressTileView.swift in Sources */ = {isa = PBXBuildFile; fileRef = 0664F3CC2875C1F000F7EA1B /* AddressTileView.swift */; };
		0664F3CF2875C64600F7EA1B /* AddTripView.swift in Sources */ = {isa = PBXBuildFile; fileRef = 0664F3CE2875C64600F7EA1B /* AddTripView.swift */; };
		06BDA6BE287304A3003CFF2F /* Ani_tripApp.swift in Sources */ = {isa = PBXBuildFile; fileRef = 06BDA6BD287304A3003CFF2F /* Ani_tripApp.swift */; };
		06BDA6C2287304A5003CFF2F /* Assets.xcassets in Resources */ = {isa = PBXBuildFile; fileRef = 06BDA6C1287304A5003CFF2F /* Assets.xcassets */; };
		06BDA6C5287304A5003CFF2F /* Preview Assets.xcassets in Resources */ = {isa = PBXBuildFile; fileRef = 06BDA6C4287304A5003CFF2F /* Preview Assets.xcassets */; };
		06BDA6CF287304A5003CFF2F /* Ani_tripTests.swift in Sources */ = {isa = PBXBuildFile; fileRef = 06BDA6CE287304A5003CFF2F /* Ani_tripTests.swift */; };
		06BDA6D9287304A5003CFF2F /* Ani_tripUITests.swift in Sources */ = {isa = PBXBuildFile; fileRef = 06BDA6D8287304A5003CFF2F /* Ani_tripUITests.swift */; };
		06BDA6DB287304A5003CFF2F /* Ani_tripUITestsLaunchTests.swift in Sources */ = {isa = PBXBuildFile; fileRef = 06BDA6DA287304A5003CFF2F /* Ani_tripUITestsLaunchTests.swift */; };
		06BDA6EC28730555003CFF2F /* User.swift in Sources */ = {isa = PBXBuildFile; fileRef = 06BDA6EB28730555003CFF2F /* User.swift */; };
		06BDA6EE287305DE003CFF2F /* Address.swift in Sources */ = {isa = PBXBuildFile; fileRef = 06BDA6ED287305DE003CFF2F /* Address.swift */; };
		06BDA6F02873068F003CFF2F /* Trip.swift in Sources */ = {isa = PBXBuildFile; fileRef = 06BDA6EF2873068F003CFF2F /* Trip.swift */; };
		06BDA6F228730761003CFF2F /* LoginView.swift in Sources */ = {isa = PBXBuildFile; fileRef = 06BDA6F128730761003CFF2F /* LoginView.swift */; };
		06BDA6F528730C82003CFF2F /* TextFieldWithIcon.swift in Sources */ = {isa = PBXBuildFile; fileRef = 06BDA6F428730C82003CFF2F /* TextFieldWithIcon.swift */; };
		06BDA6F728731344003CFF2F /* ButtonWithIcon.swift in Sources */ = {isa = PBXBuildFile; fileRef = 06BDA6F628731344003CFF2F /* ButtonWithIcon.swift */; };
		06BDA6F928732CF8003CFF2F /* UserController.swift in Sources */ = {isa = PBXBuildFile; fileRef = 06BDA6F828732CF8003CFF2F /* UserController.swift */; };
		06BDA6FB28732F2F003CFF2F /* UserManager.swift in Sources */ = {isa = PBXBuildFile; fileRef = 06BDA6FA28732F2F003CFF2F /* UserManager.swift */; };
		06BDA6FE2873329D003CFF2F /* Notification.swift in Sources */ = {isa = PBXBuildFile; fileRef = 06BDA6FD2873329D003CFF2F /* Notification.swift */; };
		06BDA70028733DDB003CFF2F /* SpinnerView.swift in Sources */ = {isa = PBXBuildFile; fileRef = 06BDA6FF28733DDB003CFF2F /* SpinnerView.swift */; };
		06BDA70228734162003CFF2F /* LoadingVIew.swift in Sources */ = {isa = PBXBuildFile; fileRef = 06BDA70128734162003CFF2F /* LoadingVIew.swift */; };
		06BDA70528736A5E003CFF2F /* NewAccountView.swift in Sources */ = {isa = PBXBuildFile; fileRef = 06BDA70428736A5E003CFF2F /* NewAccountView.swift */; };
		06BDA70728740D44003CFF2F /* ForgetPasswordView.swift in Sources */ = {isa = PBXBuildFile; fileRef = 06BDA70628740D44003CFF2F /* ForgetPasswordView.swift */; };
		06BDA709287417C0003CFF2F /* AppView.swift in Sources */ = {isa = PBXBuildFile; fileRef = 06BDA708287417C0003CFF2F /* AppView.swift */; };
		06BDA70C28741B58003CFF2F /* SettingsView.swift in Sources */ = {isa = PBXBuildFile; fileRef = 06BDA70B28741B58003CFF2F /* SettingsView.swift */; };
		06BDA70F28742061003CFF2F /* UserCellView.swift in Sources */ = {isa = PBXBuildFile; fileRef = 06BDA70E28742061003CFF2F /* UserCellView.swift */; };
		06F173792876BC0700F4A8C1 /* HomeView.swift in Sources */ = {isa = PBXBuildFile; fileRef = 06F173782876BC0700F4A8C1 /* HomeView.swift */; };
		06F1737C2876BD9A00F4A8C1 /* NewsTileView.swift in Sources */ = {isa = PBXBuildFile; fileRef = 06F1737B2876BD9A00F4A8C1 /* NewsTileView.swift */; };
		06F1737E2876C44500F4A8C1 /* TripTileView.swift in Sources */ = {isa = PBXBuildFile; fileRef = 06F1737D2876C44500F4A8C1 /* TripTileView.swift */; };
/* End PBXBuildFile section */

/* Begin PBXContainerItemProxy section */
		06BDA6CB287304A5003CFF2F /* PBXContainerItemProxy */ = {
			isa = PBXContainerItemProxy;
			containerPortal = 06BDA6B2287304A3003CFF2F /* Project object */;
			proxyType = 1;
			remoteGlobalIDString = 06BDA6B9287304A3003CFF2F;
			remoteInfo = "Ani'trip";
		};
		06BDA6D5287304A5003CFF2F /* PBXContainerItemProxy */ = {
			isa = PBXContainerItemProxy;
			containerPortal = 06BDA6B2287304A3003CFF2F /* Project object */;
			proxyType = 1;
			remoteGlobalIDString = 06BDA6B9287304A3003CFF2F;
			remoteInfo = "Ani'trip";
		};
/* End PBXContainerItemProxy section */

/* Begin PBXFileReference section */
		065E46F62877158900D32E05 /* NetworkManager.swift */ = {isa = PBXFileReference; lastKnownFileType = sourcecode.swift; path = NetworkManager.swift; sourceTree = "<group>"; };
		0664F3AD2874303200F7EA1B /* MapController.swift */ = {isa = PBXFileReference; lastKnownFileType = sourcecode.swift; path = MapController.swift; sourceTree = "<group>"; };
		0664F3AF287436C200F7EA1B /* Places.swift */ = {isa = PBXFileReference; lastKnownFileType = sourcecode.swift; path = Places.swift; sourceTree = "<group>"; };
		0664F3B12874464F00F7EA1B /* UpdateUserProfilView.swift */ = {isa = PBXFileReference; lastKnownFileType = sourcecode.swift; path = UpdateUserProfilView.swift; sourceTree = "<group>"; };
		0664F3B32874482200F7EA1B /* EditUserInfoTileView.swift */ = {isa = PBXFileReference; lastKnownFileType = sourcecode.swift; path = EditUserInfoTileView.swift; sourceTree = "<group>"; };
		0664F3B52875865700F7EA1B /* VolunteersView.swift */ = {isa = PBXFileReference; lastKnownFileType = sourcecode.swift; path = VolunteersView.swift; sourceTree = "<group>"; };
		0664F3B7287586B000F7EA1B /* Volunteer.swift */ = {isa = PBXFileReference; lastKnownFileType = sourcecode.swift; path = Volunteer.swift; sourceTree = "<group>"; };
		0664F3B9287586C000F7EA1B /* VolunteerManager.swift */ = {isa = PBXFileReference; lastKnownFileType = sourcecode.swift; path = VolunteerManager.swift; sourceTree = "<group>"; };
		0664F3BB287586FC00F7EA1B /* VolunteerController.swift */ = {isa = PBXFileReference; lastKnownFileType = sourcecode.swift; path = VolunteerController.swift; sourceTree = "<group>"; };
		0664F3BF287594C700F7EA1B /* UserProfilView.swift */ = {isa = PBXFileReference; fileEncoding = 4; lastKnownFileType = sourcecode.swift; path = UserProfilView.swift; sourceTree = "<group>"; };
		0664F3C1287594EE00F7EA1B /* ProfilView.swift */ = {isa = PBXFileReference; lastKnownFileType = sourcecode.swift; path = ProfilView.swift; sourceTree = "<group>"; };
		0664F3C32875A82D00F7EA1B /* TripController.swift */ = {isa = PBXFileReference; lastKnownFileType = sourcecode.swift; path = TripController.swift; sourceTree = "<group>"; };
		0664F3C52875A85400F7EA1B /* TripManager.swift */ = {isa = PBXFileReference; lastKnownFileType = sourcecode.swift; path = TripManager.swift; sourceTree = "<group>"; };
		0664F3C72875AC1F00F7EA1B /* TripView.swift */ = {isa = PBXFileReference; lastKnownFileType = sourcecode.swift; path = TripView.swift; sourceTree = "<group>"; };
		0664F3CA2875B76300F7EA1B /* DetailedTripView.swift */ = {isa = PBXFileReference; lastKnownFileType = sourcecode.swift; path = DetailedTripView.swift; sourceTree = "<group>"; };
		0664F3CC2875C1F000F7EA1B /* AddressTileView.swift */ = {isa = PBXFileReference; lastKnownFileType = sourcecode.swift; path = AddressTileView.swift; sourceTree = "<group>"; };
		0664F3CE2875C64600F7EA1B /* AddTripView.swift */ = {isa = PBXFileReference; lastKnownFileType = sourcecode.swift; path = AddTripView.swift; sourceTree = "<group>"; };
		06BDA6BA287304A3003CFF2F /* Ani'trip.app */ = {isa = PBXFileReference; explicitFileType = wrapper.application; includeInIndex = 0; path = "Ani'trip.app"; sourceTree = BUILT_PRODUCTS_DIR; };
		06BDA6BD287304A3003CFF2F /* Ani_tripApp.swift */ = {isa = PBXFileReference; lastKnownFileType = sourcecode.swift; path = Ani_tripApp.swift; sourceTree = "<group>"; };
		06BDA6C1287304A5003CFF2F /* Assets.xcassets */ = {isa = PBXFileReference; lastKnownFileType = folder.assetcatalog; path = Assets.xcassets; sourceTree = "<group>"; };
		06BDA6C4287304A5003CFF2F /* Preview Assets.xcassets */ = {isa = PBXFileReference; lastKnownFileType = folder.assetcatalog; path = "Preview Assets.xcassets"; sourceTree = "<group>"; };
		06BDA6CA287304A5003CFF2F /* Ani'tripTests.xctest */ = {isa = PBXFileReference; explicitFileType = wrapper.cfbundle; includeInIndex = 0; path = "Ani'tripTests.xctest"; sourceTree = BUILT_PRODUCTS_DIR; };
		06BDA6CE287304A5003CFF2F /* Ani_tripTests.swift */ = {isa = PBXFileReference; lastKnownFileType = sourcecode.swift; path = Ani_tripTests.swift; sourceTree = "<group>"; };
		06BDA6D4287304A5003CFF2F /* Ani'tripUITests.xctest */ = {isa = PBXFileReference; explicitFileType = wrapper.cfbundle; includeInIndex = 0; path = "Ani'tripUITests.xctest"; sourceTree = BUILT_PRODUCTS_DIR; };
		06BDA6D8287304A5003CFF2F /* Ani_tripUITests.swift */ = {isa = PBXFileReference; lastKnownFileType = sourcecode.swift; path = Ani_tripUITests.swift; sourceTree = "<group>"; };
		06BDA6DA287304A5003CFF2F /* Ani_tripUITestsLaunchTests.swift */ = {isa = PBXFileReference; lastKnownFileType = sourcecode.swift; path = Ani_tripUITestsLaunchTests.swift; sourceTree = "<group>"; };
		06BDA6EB28730555003CFF2F /* User.swift */ = {isa = PBXFileReference; lastKnownFileType = sourcecode.swift; path = User.swift; sourceTree = "<group>"; };
		06BDA6ED287305DE003CFF2F /* Address.swift */ = {isa = PBXFileReference; lastKnownFileType = sourcecode.swift; path = Address.swift; sourceTree = "<group>"; };
		06BDA6EF2873068F003CFF2F /* Trip.swift */ = {isa = PBXFileReference; lastKnownFileType = sourcecode.swift; path = Trip.swift; sourceTree = "<group>"; };
		06BDA6F128730761003CFF2F /* LoginView.swift */ = {isa = PBXFileReference; lastKnownFileType = sourcecode.swift; path = LoginView.swift; sourceTree = "<group>"; };
		06BDA6F428730C82003CFF2F /* TextFieldWithIcon.swift */ = {isa = PBXFileReference; lastKnownFileType = sourcecode.swift; path = TextFieldWithIcon.swift; sourceTree = "<group>"; };
		06BDA6F628731344003CFF2F /* ButtonWithIcon.swift */ = {isa = PBXFileReference; lastKnownFileType = sourcecode.swift; path = ButtonWithIcon.swift; sourceTree = "<group>"; };
		06BDA6F828732CF8003CFF2F /* UserController.swift */ = {isa = PBXFileReference; lastKnownFileType = sourcecode.swift; path = UserController.swift; sourceTree = "<group>"; };
		06BDA6FA28732F2F003CFF2F /* UserManager.swift */ = {isa = PBXFileReference; lastKnownFileType = sourcecode.swift; path = UserManager.swift; sourceTree = "<group>"; };
		06BDA6FD2873329D003CFF2F /* Notification.swift */ = {isa = PBXFileReference; lastKnownFileType = sourcecode.swift; path = Notification.swift; sourceTree = "<group>"; };
		06BDA6FF28733DDB003CFF2F /* SpinnerView.swift */ = {isa = PBXFileReference; lastKnownFileType = sourcecode.swift; path = SpinnerView.swift; sourceTree = "<group>"; };
		06BDA70128734162003CFF2F /* LoadingVIew.swift */ = {isa = PBXFileReference; lastKnownFileType = sourcecode.swift; path = LoadingVIew.swift; sourceTree = "<group>"; };
		06BDA70428736A5E003CFF2F /* NewAccountView.swift */ = {isa = PBXFileReference; lastKnownFileType = sourcecode.swift; path = NewAccountView.swift; sourceTree = "<group>"; };
		06BDA70628740D44003CFF2F /* ForgetPasswordView.swift */ = {isa = PBXFileReference; lastKnownFileType = sourcecode.swift; path = ForgetPasswordView.swift; sourceTree = "<group>"; };
		06BDA708287417C0003CFF2F /* AppView.swift */ = {isa = PBXFileReference; lastKnownFileType = sourcecode.swift; path = AppView.swift; sourceTree = "<group>"; };
		06BDA70B28741B58003CFF2F /* SettingsView.swift */ = {isa = PBXFileReference; lastKnownFileType = sourcecode.swift; path = SettingsView.swift; sourceTree = "<group>"; };
		06BDA70E28742061003CFF2F /* UserCellView.swift */ = {isa = PBXFileReference; lastKnownFileType = sourcecode.swift; path = UserCellView.swift; sourceTree = "<group>"; };
		06F173782876BC0700F4A8C1 /* HomeView.swift */ = {isa = PBXFileReference; lastKnownFileType = sourcecode.swift; path = HomeView.swift; sourceTree = "<group>"; };
		06F1737B2876BD9A00F4A8C1 /* NewsTileView.swift */ = {isa = PBXFileReference; lastKnownFileType = sourcecode.swift; path = NewsTileView.swift; sourceTree = "<group>"; };
		06F1737D2876C44500F4A8C1 /* TripTileView.swift */ = {isa = PBXFileReference; lastKnownFileType = sourcecode.swift; path = TripTileView.swift; sourceTree = "<group>"; };
/* End PBXFileReference section */

/* Begin PBXFrameworksBuildPhase section */
		06BDA6B7287304A3003CFF2F /* Frameworks */ = {
			isa = PBXFrameworksBuildPhase;
			buildActionMask = 2147483647;
			files = (
				065E46FA287721F500D32E05 /* Alamofire in Frameworks */,
			);
			runOnlyForDeploymentPostprocessing = 0;
		};
		06BDA6C7287304A5003CFF2F /* Frameworks */ = {
			isa = PBXFrameworksBuildPhase;
			buildActionMask = 2147483647;
			files = (
			);
			runOnlyForDeploymentPostprocessing = 0;
		};
		06BDA6D1287304A5003CFF2F /* Frameworks */ = {
			isa = PBXFrameworksBuildPhase;
			buildActionMask = 2147483647;
			files = (
			);
			runOnlyForDeploymentPostprocessing = 0;
		};
/* End PBXFrameworksBuildPhase section */

/* Begin PBXGroup section */
		0664F3AA28742C5000F7EA1B /* SettingsSubviews */ = {
			isa = PBXGroup;
			children = (
				0664F3BF287594C700F7EA1B /* UserProfilView.swift */,
				0664F3B12874464F00F7EA1B /* UpdateUserProfilView.swift */,
			);
			path = SettingsSubviews;
			sourceTree = "<group>";
		};
		0664F3C92875B74E00F7EA1B /* TripSubviews */ = {
			isa = PBXGroup;
			children = (
				0664F3CA2875B76300F7EA1B /* DetailedTripView.swift */,
				0664F3CE2875C64600F7EA1B /* AddTripView.swift */,
				06F1737D2876C44500F4A8C1 /* TripTileView.swift */,
			);
			path = TripSubviews;
			sourceTree = "<group>";
		};
		06BDA6B1287304A3003CFF2F = {
			isa = PBXGroup;
			children = (
				06BDA6BC287304A3003CFF2F /* Ani'trip */,
				06BDA6CD287304A5003CFF2F /* Ani'tripTests */,
				06BDA6D7287304A5003CFF2F /* Ani'tripUITests */,
				06BDA6BB287304A3003CFF2F /* Products */,
			);
			sourceTree = "<group>";
		};
		06BDA6BB287304A3003CFF2F /* Products */ = {
			isa = PBXGroup;
			children = (
				06BDA6BA287304A3003CFF2F /* Ani'trip.app */,
				06BDA6CA287304A5003CFF2F /* Ani'tripTests.xctest */,
				06BDA6D4287304A5003CFF2F /* Ani'tripUITests.xctest */,
			);
			name = Products;
			sourceTree = "<group>";
		};
		06BDA6BC287304A3003CFF2F /* Ani'trip */ = {
			isa = PBXGroup;
			children = (
				06BDA6FC28733293003CFF2F /* Extension */,
				06BDA6EA287304BB003CFF2F /* Supporting Files */,
				06BDA6E9287304B7003CFF2F /* Controller */,
				06BDA6E8287304B3003CFF2F /* View */,
				06BDA6E7287304AF003CFF2F /* Model */,
			);
			path = "Ani'trip";
			sourceTree = "<group>";
		};
		06BDA6C3287304A5003CFF2F /* Preview Content */ = {
			isa = PBXGroup;
			children = (
				06BDA6C4287304A5003CFF2F /* Preview Assets.xcassets */,
			);
			path = "Preview Content";
			sourceTree = "<group>";
		};
		06BDA6CD287304A5003CFF2F /* Ani'tripTests */ = {
			isa = PBXGroup;
			children = (
				06BDA6CE287304A5003CFF2F /* Ani_tripTests.swift */,
			);
			path = "Ani'tripTests";
			sourceTree = "<group>";
		};
		06BDA6D7287304A5003CFF2F /* Ani'tripUITests */ = {
			isa = PBXGroup;
			children = (
				06BDA6D8287304A5003CFF2F /* Ani_tripUITests.swift */,
				06BDA6DA287304A5003CFF2F /* Ani_tripUITestsLaunchTests.swift */,
			);
			path = "Ani'tripUITests";
			sourceTree = "<group>";
		};
		06BDA6E7287304AF003CFF2F /* Model */ = {
			isa = PBXGroup;
			children = (
				06BDA6ED287305DE003CFF2F /* Address.swift */,
				06BDA6EF2873068F003CFF2F /* Trip.swift */,
				0664F3C52875A85400F7EA1B /* TripManager.swift */,
				06BDA6EB28730555003CFF2F /* User.swift */,
				06BDA6FA28732F2F003CFF2F /* UserManager.swift */,
				0664F3AF287436C200F7EA1B /* Places.swift */,
				0664F3B7287586B000F7EA1B /* Volunteer.swift */,
				0664F3B9287586C000F7EA1B /* VolunteerManager.swift */,
				065E46F62877158900D32E05 /* NetworkManager.swift */,
			);
			path = Model;
			sourceTree = "<group>";
		};
		06BDA6E8287304B3003CFF2F /* View */ = {
			isa = PBXGroup;
			children = (
				06BDA70328736A45003CFF2F /* App */,
				06BDA6F328730C34003CFF2F /* Components */,
				06BDA6F128730761003CFF2F /* LoginView.swift */,
				06BDA70428736A5E003CFF2F /* NewAccountView.swift */,
				06BDA70628740D44003CFF2F /* ForgetPasswordView.swift */,
			);
			path = View;
			sourceTree = "<group>";
		};
		06BDA6E9287304B7003CFF2F /* Controller */ = {
			isa = PBXGroup;
			children = (
				06BDA6F828732CF8003CFF2F /* UserController.swift */,
				0664F3AD2874303200F7EA1B /* MapController.swift */,
				0664F3BB287586FC00F7EA1B /* VolunteerController.swift */,
				0664F3C32875A82D00F7EA1B /* TripController.swift */,
			);
			path = Controller;
			sourceTree = "<group>";
		};
		06BDA6EA287304BB003CFF2F /* Supporting Files */ = {
			isa = PBXGroup;
			children = (
				06BDA6BD287304A3003CFF2F /* Ani_tripApp.swift */,
				06BDA6C1287304A5003CFF2F /* Assets.xcassets */,
				06BDA6C3287304A5003CFF2F /* Preview Content */,
			);
			path = "Supporting Files";
			sourceTree = "<group>";
		};
		06BDA6F328730C34003CFF2F /* Components */ = {
			isa = PBXGroup;
			children = (
				06BDA6F428730C82003CFF2F /* TextFieldWithIcon.swift */,
				06BDA6F628731344003CFF2F /* ButtonWithIcon.swift */,
				06BDA6FF28733DDB003CFF2F /* SpinnerView.swift */,
				06BDA70128734162003CFF2F /* LoadingVIew.swift */,
				0664F3C1287594EE00F7EA1B /* ProfilView.swift */,
				0664F3CC2875C1F000F7EA1B /* AddressTileView.swift */,
			);
			path = Components;
			sourceTree = "<group>";
		};
		06BDA6FC28733293003CFF2F /* Extension */ = {
			isa = PBXGroup;
			children = (
				06BDA6FD2873329D003CFF2F /* Notification.swift */,
			);
			path = Extension;
			sourceTree = "<group>";
		};
		06BDA70328736A45003CFF2F /* App */ = {
			isa = PBXGroup;
			children = (
				06BDA70A28741B4E003CFF2F /* Tabs */,
				06BDA708287417C0003CFF2F /* AppView.swift */,
			);
			path = App;
			sourceTree = "<group>";
		};
		06BDA70A28741B4E003CFF2F /* Tabs */ = {
			isa = PBXGroup;
			children = (
				06F1737A2876BD8400F4A8C1 /* HomeSubview */,
				0664F3C92875B74E00F7EA1B /* TripSubviews */,
				0664F3AA28742C5000F7EA1B /* SettingsSubviews */,
				06BDA70D28741F92003CFF2F /* SettingsComponents */,
				06BDA70B28741B58003CFF2F /* SettingsView.swift */,
				0664F3B52875865700F7EA1B /* VolunteersView.swift */,
				0664F3C72875AC1F00F7EA1B /* TripView.swift */,
				06F173782876BC0700F4A8C1 /* HomeView.swift */,
			);
			path = Tabs;
			sourceTree = "<group>";
		};
		06BDA70D28741F92003CFF2F /* SettingsComponents */ = {
			isa = PBXGroup;
			children = (
				06BDA70E28742061003CFF2F /* UserCellView.swift */,
				0664F3B32874482200F7EA1B /* EditUserInfoTileView.swift */,
			);
			path = SettingsComponents;
			sourceTree = "<group>";
		};
		06F1737A2876BD8400F4A8C1 /* HomeSubview */ = {
			isa = PBXGroup;
			children = (
				06F1737B2876BD9A00F4A8C1 /* NewsTileView.swift */,
			);
			path = HomeSubview;
			sourceTree = "<group>";
		};
/* End PBXGroup section */

/* Begin PBXNativeTarget section */
		06BDA6B9287304A3003CFF2F /* Ani'trip */ = {
			isa = PBXNativeTarget;
			buildConfigurationList = 06BDA6DE287304A5003CFF2F /* Build configuration list for PBXNativeTarget "Ani'trip" */;
			buildPhases = (
				06BDA6B6287304A3003CFF2F /* Sources */,
				06BDA6B7287304A3003CFF2F /* Frameworks */,
				06BDA6B8287304A3003CFF2F /* Resources */,
			);
			buildRules = (
			);
			dependencies = (
			);
			name = "Ani'trip";
			packageProductDependencies = (
				065E46F9287721F500D32E05 /* Alamofire */,
			);
			productName = "Ani'trip";
			productReference = 06BDA6BA287304A3003CFF2F /* Ani'trip.app */;
			productType = "com.apple.product-type.application";
		};
		06BDA6C9287304A5003CFF2F /* Ani'tripTests */ = {
			isa = PBXNativeTarget;
			buildConfigurationList = 06BDA6E1287304A5003CFF2F /* Build configuration list for PBXNativeTarget "Ani'tripTests" */;
			buildPhases = (
				06BDA6C6287304A5003CFF2F /* Sources */,
				06BDA6C7287304A5003CFF2F /* Frameworks */,
				06BDA6C8287304A5003CFF2F /* Resources */,
			);
			buildRules = (
			);
			dependencies = (
				06BDA6CC287304A5003CFF2F /* PBXTargetDependency */,
			);
			name = "Ani'tripTests";
			productName = "Ani'tripTests";
			productReference = 06BDA6CA287304A5003CFF2F /* Ani'tripTests.xctest */;
			productType = "com.apple.product-type.bundle.unit-test";
		};
		06BDA6D3287304A5003CFF2F /* Ani'tripUITests */ = {
			isa = PBXNativeTarget;
			buildConfigurationList = 06BDA6E4287304A5003CFF2F /* Build configuration list for PBXNativeTarget "Ani'tripUITests" */;
			buildPhases = (
				06BDA6D0287304A5003CFF2F /* Sources */,
				06BDA6D1287304A5003CFF2F /* Frameworks */,
				06BDA6D2287304A5003CFF2F /* Resources */,
			);
			buildRules = (
			);
			dependencies = (
				06BDA6D6287304A5003CFF2F /* PBXTargetDependency */,
			);
			name = "Ani'tripUITests";
			productName = "Ani'tripUITests";
			productReference = 06BDA6D4287304A5003CFF2F /* Ani'tripUITests.xctest */;
			productType = "com.apple.product-type.bundle.ui-testing";
		};
/* End PBXNativeTarget section */

/* Begin PBXProject section */
		06BDA6B2287304A3003CFF2F /* Project object */ = {
			isa = PBXProject;
			attributes = {
				BuildIndependentTargetsInParallel = 1;
				LastSwiftUpdateCheck = 1400;
				LastUpgradeCheck = 1400;
				TargetAttributes = {
					06BDA6B9287304A3003CFF2F = {
						CreatedOnToolsVersion = 14.0;
					};
					06BDA6C9287304A5003CFF2F = {
						CreatedOnToolsVersion = 14.0;
						TestTargetID = 06BDA6B9287304A3003CFF2F;
					};
					06BDA6D3287304A5003CFF2F = {
						CreatedOnToolsVersion = 14.0;
						TestTargetID = 06BDA6B9287304A3003CFF2F;
					};
				};
			};
			buildConfigurationList = 06BDA6B5287304A3003CFF2F /* Build configuration list for PBXProject "Ani'trip" */;
			compatibilityVersion = "Xcode 14.0";
			developmentRegion = en;
			hasScannedForEncodings = 0;
			knownRegions = (
				en,
				Base,
			);
			mainGroup = 06BDA6B1287304A3003CFF2F;
			packageReferences = (
				065E46F8287721F500D32E05 /* XCRemoteSwiftPackageReference "Alamofire" */,
			);
			productRefGroup = 06BDA6BB287304A3003CFF2F /* Products */;
			projectDirPath = "";
			projectRoot = "";
			targets = (
				06BDA6B9287304A3003CFF2F /* Ani'trip */,
				06BDA6C9287304A5003CFF2F /* Ani'tripTests */,
				06BDA6D3287304A5003CFF2F /* Ani'tripUITests */,
			);
		};
/* End PBXProject section */

/* Begin PBXResourcesBuildPhase section */
		06BDA6B8287304A3003CFF2F /* Resources */ = {
			isa = PBXResourcesBuildPhase;
			buildActionMask = 2147483647;
			files = (
				06BDA6C5287304A5003CFF2F /* Preview Assets.xcassets in Resources */,
				06BDA6C2287304A5003CFF2F /* Assets.xcassets in Resources */,
			);
			runOnlyForDeploymentPostprocessing = 0;
		};
		06BDA6C8287304A5003CFF2F /* Resources */ = {
			isa = PBXResourcesBuildPhase;
			buildActionMask = 2147483647;
			files = (
			);
			runOnlyForDeploymentPostprocessing = 0;
		};
		06BDA6D2287304A5003CFF2F /* Resources */ = {
			isa = PBXResourcesBuildPhase;
			buildActionMask = 2147483647;
			files = (
			);
			runOnlyForDeploymentPostprocessing = 0;
		};
/* End PBXResourcesBuildPhase section */

/* Begin PBXSourcesBuildPhase section */
		06BDA6B6287304A3003CFF2F /* Sources */ = {
			isa = PBXSourcesBuildPhase;
			buildActionMask = 2147483647;
			files = (
				06BDA6FB28732F2F003CFF2F /* UserManager.swift in Sources */,
				06BDA6F02873068F003CFF2F /* Trip.swift in Sources */,
				06BDA70528736A5E003CFF2F /* NewAccountView.swift in Sources */,
				0664F3C82875AC1F00F7EA1B /* TripView.swift in Sources */,
				06BDA6F728731344003CFF2F /* ButtonWithIcon.swift in Sources */,
				06F173792876BC0700F4A8C1 /* HomeView.swift in Sources */,
				06BDA6F928732CF8003CFF2F /* UserController.swift in Sources */,
				06BDA6EE287305DE003CFF2F /* Address.swift in Sources */,
				06BDA70228734162003CFF2F /* LoadingVIew.swift in Sources */,
				06F1737E2876C44500F4A8C1 /* TripTileView.swift in Sources */,
				06BDA6EC28730555003CFF2F /* User.swift in Sources */,
				0664F3C62875A85400F7EA1B /* TripManager.swift in Sources */,
				0664F3AE2874303200F7EA1B /* MapController.swift in Sources */,
				0664F3B42874482200F7EA1B /* EditUserInfoTileView.swift in Sources */,
				06BDA709287417C0003CFF2F /* AppView.swift in Sources */,
				06BDA70C28741B58003CFF2F /* SettingsView.swift in Sources */,
				0664F3BA287586C000F7EA1B /* VolunteerManager.swift in Sources */,
				06BDA6FE2873329D003CFF2F /* Notification.swift in Sources */,
				0664F3C2287594EE00F7EA1B /* ProfilView.swift in Sources */,
				065E46F72877158900D32E05 /* NetworkManager.swift in Sources */,
				0664F3BC287586FC00F7EA1B /* VolunteerController.swift in Sources */,
				06BDA6F228730761003CFF2F /* LoginView.swift in Sources */,
				0664F3B8287586B000F7EA1B /* Volunteer.swift in Sources */,
				0664F3B22874464F00F7EA1B /* UpdateUserProfilView.swift in Sources */,
				06BDA70F28742061003CFF2F /* UserCellView.swift in Sources */,
				0664F3B62875865700F7EA1B /* VolunteersView.swift in Sources */,
				06BDA70728740D44003CFF2F /* ForgetPasswordView.swift in Sources */,
				0664F3B0287436C200F7EA1B /* Places.swift in Sources */,
				06F1737C2876BD9A00F4A8C1 /* NewsTileView.swift in Sources */,
				06BDA6F528730C82003CFF2F /* TextFieldWithIcon.swift in Sources */,
				0664F3C0287594C700F7EA1B /* UserProfilView.swift in Sources */,
				0664F3CB2875B76300F7EA1B /* DetailedTripView.swift in Sources */,
				06BDA70028733DDB003CFF2F /* SpinnerView.swift in Sources */,
				0664F3CF2875C64600F7EA1B /* AddTripView.swift in Sources */,
				0664F3C42875A82D00F7EA1B /* TripController.swift in Sources */,
				06BDA6BE287304A3003CFF2F /* Ani_tripApp.swift in Sources */,
				0664F3CD2875C1F000F7EA1B /* AddressTileView.swift in Sources */,
			);
			runOnlyForDeploymentPostprocessing = 0;
		};
		06BDA6C6287304A5003CFF2F /* Sources */ = {
			isa = PBXSourcesBuildPhase;
			buildActionMask = 2147483647;
			files = (
				06BDA6CF287304A5003CFF2F /* Ani_tripTests.swift in Sources */,
			);
			runOnlyForDeploymentPostprocessing = 0;
		};
		06BDA6D0287304A5003CFF2F /* Sources */ = {
			isa = PBXSourcesBuildPhase;
			buildActionMask = 2147483647;
			files = (
				06BDA6DB287304A5003CFF2F /* Ani_tripUITestsLaunchTests.swift in Sources */,
				06BDA6D9287304A5003CFF2F /* Ani_tripUITests.swift in Sources */,
			);
			runOnlyForDeploymentPostprocessing = 0;
		};
/* End PBXSourcesBuildPhase section */

/* Begin PBXTargetDependency section */
		06BDA6CC287304A5003CFF2F /* PBXTargetDependency */ = {
			isa = PBXTargetDependency;
			target = 06BDA6B9287304A3003CFF2F /* Ani'trip */;
			targetProxy = 06BDA6CB287304A5003CFF2F /* PBXContainerItemProxy */;
		};
		06BDA6D6287304A5003CFF2F /* PBXTargetDependency */ = {
			isa = PBXTargetDependency;
			target = 06BDA6B9287304A3003CFF2F /* Ani'trip */;
			targetProxy = 06BDA6D5287304A5003CFF2F /* PBXContainerItemProxy */;
		};
/* End PBXTargetDependency section */

/* Begin XCBuildConfiguration section */
		06BDA6DC287304A5003CFF2F /* Debug */ = {
			isa = XCBuildConfiguration;
			buildSettings = {
				ALWAYS_SEARCH_USER_PATHS = NO;
				CLANG_ANALYZER_NONNULL = YES;
				CLANG_ANALYZER_NUMBER_OBJECT_CONVERSION = YES_AGGRESSIVE;
				CLANG_CXX_LANGUAGE_STANDARD = "gnu++17";
				CLANG_ENABLE_MODULES = YES;
				CLANG_ENABLE_OBJC_ARC = YES;
				CLANG_ENABLE_OBJC_WEAK = YES;
				CLANG_WARN_BLOCK_CAPTURE_AUTORELEASING = YES;
				CLANG_WARN_BOOL_CONVERSION = YES;
				CLANG_WARN_COMMA = YES;
				CLANG_WARN_CONSTANT_CONVERSION = YES;
				CLANG_WARN_DEPRECATED_OBJC_IMPLEMENTATIONS = YES;
				CLANG_WARN_DIRECT_OBJC_ISA_USAGE = YES_ERROR;
				CLANG_WARN_DOCUMENTATION_COMMENTS = YES;
				CLANG_WARN_EMPTY_BODY = YES;
				CLANG_WARN_ENUM_CONVERSION = YES;
				CLANG_WARN_INFINITE_RECURSION = YES;
				CLANG_WARN_INT_CONVERSION = YES;
				CLANG_WARN_NON_LITERAL_NULL_CONVERSION = YES;
				CLANG_WARN_OBJC_IMPLICIT_RETAIN_SELF = YES;
				CLANG_WARN_OBJC_LITERAL_CONVERSION = YES;
				CLANG_WARN_OBJC_ROOT_CLASS = YES_ERROR;
				CLANG_WARN_QUOTED_INCLUDE_IN_FRAMEWORK_HEADER = YES;
				CLANG_WARN_RANGE_LOOP_ANALYSIS = YES;
				CLANG_WARN_STRICT_PROTOTYPES = YES;
				CLANG_WARN_SUSPICIOUS_MOVE = YES;
				CLANG_WARN_UNGUARDED_AVAILABILITY = YES_AGGRESSIVE;
				CLANG_WARN_UNREACHABLE_CODE = YES;
				CLANG_WARN__DUPLICATE_METHOD_MATCH = YES;
				COPY_PHASE_STRIP = NO;
				DEBUG_INFORMATION_FORMAT = dwarf;
				ENABLE_STRICT_OBJC_MSGSEND = YES;
				ENABLE_TESTABILITY = YES;
				GCC_C_LANGUAGE_STANDARD = gnu11;
				GCC_DYNAMIC_NO_PIC = NO;
				GCC_NO_COMMON_BLOCKS = YES;
				GCC_OPTIMIZATION_LEVEL = 0;
				GCC_PREPROCESSOR_DEFINITIONS = (
					"DEBUG=1",
					"$(inherited)",
				);
				GCC_WARN_64_TO_32_BIT_CONVERSION = YES;
				GCC_WARN_ABOUT_RETURN_TYPE = YES_ERROR;
				GCC_WARN_UNDECLARED_SELECTOR = YES;
				GCC_WARN_UNINITIALIZED_AUTOS = YES_AGGRESSIVE;
				GCC_WARN_UNUSED_FUNCTION = YES;
				GCC_WARN_UNUSED_VARIABLE = YES;
				IPHONEOS_DEPLOYMENT_TARGET = 16.0;
				MTL_ENABLE_DEBUG_INFO = INCLUDE_SOURCE;
				MTL_FAST_MATH = YES;
				ONLY_ACTIVE_ARCH = YES;
				SDKROOT = iphoneos;
				SWIFT_ACTIVE_COMPILATION_CONDITIONS = DEBUG;
				SWIFT_OPTIMIZATION_LEVEL = "-Onone";
			};
			name = Debug;
		};
		06BDA6DD287304A5003CFF2F /* Release */ = {
			isa = XCBuildConfiguration;
			buildSettings = {
				ALWAYS_SEARCH_USER_PATHS = NO;
				CLANG_ANALYZER_NONNULL = YES;
				CLANG_ANALYZER_NUMBER_OBJECT_CONVERSION = YES_AGGRESSIVE;
				CLANG_CXX_LANGUAGE_STANDARD = "gnu++17";
				CLANG_ENABLE_MODULES = YES;
				CLANG_ENABLE_OBJC_ARC = YES;
				CLANG_ENABLE_OBJC_WEAK = YES;
				CLANG_WARN_BLOCK_CAPTURE_AUTORELEASING = YES;
				CLANG_WARN_BOOL_CONVERSION = YES;
				CLANG_WARN_COMMA = YES;
				CLANG_WARN_CONSTANT_CONVERSION = YES;
				CLANG_WARN_DEPRECATED_OBJC_IMPLEMENTATIONS = YES;
				CLANG_WARN_DIRECT_OBJC_ISA_USAGE = YES_ERROR;
				CLANG_WARN_DOCUMENTATION_COMMENTS = YES;
				CLANG_WARN_EMPTY_BODY = YES;
				CLANG_WARN_ENUM_CONVERSION = YES;
				CLANG_WARN_INFINITE_RECURSION = YES;
				CLANG_WARN_INT_CONVERSION = YES;
				CLANG_WARN_NON_LITERAL_NULL_CONVERSION = YES;
				CLANG_WARN_OBJC_IMPLICIT_RETAIN_SELF = YES;
				CLANG_WARN_OBJC_LITERAL_CONVERSION = YES;
				CLANG_WARN_OBJC_ROOT_CLASS = YES_ERROR;
				CLANG_WARN_QUOTED_INCLUDE_IN_FRAMEWORK_HEADER = YES;
				CLANG_WARN_RANGE_LOOP_ANALYSIS = YES;
				CLANG_WARN_STRICT_PROTOTYPES = YES;
				CLANG_WARN_SUSPICIOUS_MOVE = YES;
				CLANG_WARN_UNGUARDED_AVAILABILITY = YES_AGGRESSIVE;
				CLANG_WARN_UNREACHABLE_CODE = YES;
				CLANG_WARN__DUPLICATE_METHOD_MATCH = YES;
				COPY_PHASE_STRIP = NO;
				DEBUG_INFORMATION_FORMAT = "dwarf-with-dsym";
				ENABLE_NS_ASSERTIONS = NO;
				ENABLE_STRICT_OBJC_MSGSEND = YES;
				GCC_C_LANGUAGE_STANDARD = gnu11;
				GCC_NO_COMMON_BLOCKS = YES;
				GCC_WARN_64_TO_32_BIT_CONVERSION = YES;
				GCC_WARN_ABOUT_RETURN_TYPE = YES_ERROR;
				GCC_WARN_UNDECLARED_SELECTOR = YES;
				GCC_WARN_UNINITIALIZED_AUTOS = YES_AGGRESSIVE;
				GCC_WARN_UNUSED_FUNCTION = YES;
				GCC_WARN_UNUSED_VARIABLE = YES;
				IPHONEOS_DEPLOYMENT_TARGET = 16.0;
				MTL_ENABLE_DEBUG_INFO = NO;
				MTL_FAST_MATH = YES;
				SDKROOT = iphoneos;
				SWIFT_COMPILATION_MODE = wholemodule;
				SWIFT_OPTIMIZATION_LEVEL = "-O";
				VALIDATE_PRODUCT = YES;
			};
			name = Release;
		};
		06BDA6DF287304A5003CFF2F /* Debug */ = {
			isa = XCBuildConfiguration;
			buildSettings = {
				ASSETCATALOG_COMPILER_APPICON_NAME = AppIcon;
				ASSETCATALOG_COMPILER_GLOBAL_ACCENT_COLOR_NAME = AccentColor;
				CODE_SIGN_STYLE = Automatic;
				CURRENT_PROJECT_VERSION = 1;
				DEVELOPMENT_ASSET_PATHS = "\"Ani'trip/Supporting Files/Preview Content\"";
				DEVELOPMENT_TEAM = 6MAUVS763K;
				ENABLE_PREVIEWS = YES;
				GENERATE_INFOPLIST_FILE = YES;
				INFOPLIST_KEY_UIApplicationSceneManifest_Generation = YES;
				INFOPLIST_KEY_UIApplicationSupportsIndirectInputEvents = YES;
				INFOPLIST_KEY_UILaunchScreen_Generation = YES;
				INFOPLIST_KEY_UISupportedInterfaceOrientations_iPad = "UIInterfaceOrientationPortrait UIInterfaceOrientationPortraitUpsideDown UIInterfaceOrientationLandscapeLeft UIInterfaceOrientationLandscapeRight";
				INFOPLIST_KEY_UISupportedInterfaceOrientations_iPhone = "UIInterfaceOrientationPortrait UIInterfaceOrientationLandscapeLeft UIInterfaceOrientationLandscapeRight";
				IPHONEOS_DEPLOYMENT_TARGET = 16.0;
				LD_RUNPATH_SEARCH_PATHS = (
					"$(inherited)",
					"@executable_path/Frameworks",
				);
				MARKETING_VERSION = 1.0;
				PRODUCT_BUNDLE_IDENTIFIER = "com.desyntic.Ani-trip";
				PRODUCT_NAME = "$(TARGET_NAME)";
				SWIFT_EMIT_LOC_STRINGS = YES;
				SWIFT_VERSION = 5.0;
				TARGETED_DEVICE_FAMILY = "1,2";
			};
			name = Debug;
		};
		06BDA6E0287304A5003CFF2F /* Release */ = {
			isa = XCBuildConfiguration;
			buildSettings = {
				ASSETCATALOG_COMPILER_APPICON_NAME = AppIcon;
				ASSETCATALOG_COMPILER_GLOBAL_ACCENT_COLOR_NAME = AccentColor;
				CODE_SIGN_STYLE = Automatic;
				CURRENT_PROJECT_VERSION = 1;
				DEVELOPMENT_ASSET_PATHS = "\"Ani'trip/Supporting Files/Preview Content\"";
				DEVELOPMENT_TEAM = 6MAUVS763K;
				ENABLE_PREVIEWS = YES;
				GENERATE_INFOPLIST_FILE = YES;
				INFOPLIST_KEY_UIApplicationSceneManifest_Generation = YES;
				INFOPLIST_KEY_UIApplicationSupportsIndirectInputEvents = YES;
				INFOPLIST_KEY_UILaunchScreen_Generation = YES;
				INFOPLIST_KEY_UISupportedInterfaceOrientations_iPad = "UIInterfaceOrientationPortrait UIInterfaceOrientationPortraitUpsideDown UIInterfaceOrientationLandscapeLeft UIInterfaceOrientationLandscapeRight";
				INFOPLIST_KEY_UISupportedInterfaceOrientations_iPhone = "UIInterfaceOrientationPortrait UIInterfaceOrientationLandscapeLeft UIInterfaceOrientationLandscapeRight";
				IPHONEOS_DEPLOYMENT_TARGET = 16.0;
				LD_RUNPATH_SEARCH_PATHS = (
					"$(inherited)",
					"@executable_path/Frameworks",
				);
				MARKETING_VERSION = 1.0;
				PRODUCT_BUNDLE_IDENTIFIER = "com.desyntic.Ani-trip";
				PRODUCT_NAME = "$(TARGET_NAME)";
				SWIFT_EMIT_LOC_STRINGS = YES;
				SWIFT_VERSION = 5.0;
				TARGETED_DEVICE_FAMILY = "1,2";
			};
			name = Release;
		};
		06BDA6E2287304A5003CFF2F /* Debug */ = {
			isa = XCBuildConfiguration;
			buildSettings = {
				ALWAYS_EMBED_SWIFT_STANDARD_LIBRARIES = YES;
				BUNDLE_LOADER = "$(TEST_HOST)";
				CODE_SIGN_STYLE = Automatic;
				CURRENT_PROJECT_VERSION = 1;
				DEVELOPMENT_TEAM = 6MAUVS763K;
				GENERATE_INFOPLIST_FILE = YES;
				IPHONEOS_DEPLOYMENT_TARGET = 16.0;
				MARKETING_VERSION = 1.0;
				PRODUCT_BUNDLE_IDENTIFIER = "com.desyntic.Ani-tripTests";
				PRODUCT_NAME = "$(TARGET_NAME)";
				SWIFT_EMIT_LOC_STRINGS = NO;
				SWIFT_VERSION = 5.0;
				TARGETED_DEVICE_FAMILY = "1,2";
				TEST_HOST = "$(BUILT_PRODUCTS_DIR)/Ani'trip.app/$(BUNDLE_EXECUTABLE_FOLDER_PATH)/Ani'trip";
			};
			name = Debug;
		};
		06BDA6E3287304A5003CFF2F /* Release */ = {
			isa = XCBuildConfiguration;
			buildSettings = {
				ALWAYS_EMBED_SWIFT_STANDARD_LIBRARIES = YES;
				BUNDLE_LOADER = "$(TEST_HOST)";
				CODE_SIGN_STYLE = Automatic;
				CURRENT_PROJECT_VERSION = 1;
				DEVELOPMENT_TEAM = 6MAUVS763K;
				GENERATE_INFOPLIST_FILE = YES;
				IPHONEOS_DEPLOYMENT_TARGET = 16.0;
				MARKETING_VERSION = 1.0;
				PRODUCT_BUNDLE_IDENTIFIER = "com.desyntic.Ani-tripTests";
				PRODUCT_NAME = "$(TARGET_NAME)";
				SWIFT_EMIT_LOC_STRINGS = NO;
				SWIFT_VERSION = 5.0;
				TARGETED_DEVICE_FAMILY = "1,2";
				TEST_HOST = "$(BUILT_PRODUCTS_DIR)/Ani'trip.app/$(BUNDLE_EXECUTABLE_FOLDER_PATH)/Ani'trip";
			};
			name = Release;
		};
		06BDA6E5287304A5003CFF2F /* Debug */ = {
			isa = XCBuildConfiguration;
			buildSettings = {
				ALWAYS_EMBED_SWIFT_STANDARD_LIBRARIES = YES;
				CODE_SIGN_STYLE = Automatic;
				CURRENT_PROJECT_VERSION = 1;
				DEVELOPMENT_TEAM = 6MAUVS763K;
				GENERATE_INFOPLIST_FILE = YES;
				MARKETING_VERSION = 1.0;
				PRODUCT_BUNDLE_IDENTIFIER = "com.desyntic.Ani-tripUITests";
				PRODUCT_NAME = "$(TARGET_NAME)";
				SWIFT_EMIT_LOC_STRINGS = NO;
				SWIFT_VERSION = 5.0;
				TARGETED_DEVICE_FAMILY = "1,2";
				TEST_TARGET_NAME = "Ani'trip";
			};
			name = Debug;
		};
		06BDA6E6287304A5003CFF2F /* Release */ = {
			isa = XCBuildConfiguration;
			buildSettings = {
				ALWAYS_EMBED_SWIFT_STANDARD_LIBRARIES = YES;
				CODE_SIGN_STYLE = Automatic;
				CURRENT_PROJECT_VERSION = 1;
				DEVELOPMENT_TEAM = 6MAUVS763K;
				GENERATE_INFOPLIST_FILE = YES;
				MARKETING_VERSION = 1.0;
				PRODUCT_BUNDLE_IDENTIFIER = "com.desyntic.Ani-tripUITests";
				PRODUCT_NAME = "$(TARGET_NAME)";
				SWIFT_EMIT_LOC_STRINGS = NO;
				SWIFT_VERSION = 5.0;
				TARGETED_DEVICE_FAMILY = "1,2";
				TEST_TARGET_NAME = "Ani'trip";
			};
			name = Release;
		};
/* End XCBuildConfiguration section */

/* Begin XCConfigurationList section */
		06BDA6B5287304A3003CFF2F /* Build configuration list for PBXProject "Ani'trip" */ = {
			isa = XCConfigurationList;
			buildConfigurations = (
				06BDA6DC287304A5003CFF2F /* Debug */,
				06BDA6DD287304A5003CFF2F /* Release */,
			);
			defaultConfigurationIsVisible = 0;
			defaultConfigurationName = Release;
		};
		06BDA6DE287304A5003CFF2F /* Build configuration list for PBXNativeTarget "Ani'trip" */ = {
			isa = XCConfigurationList;
			buildConfigurations = (
				06BDA6DF287304A5003CFF2F /* Debug */,
				06BDA6E0287304A5003CFF2F /* Release */,
			);
			defaultConfigurationIsVisible = 0;
			defaultConfigurationName = Release;
		};
		06BDA6E1287304A5003CFF2F /* Build configuration list for PBXNativeTarget "Ani'tripTests" */ = {
			isa = XCConfigurationList;
			buildConfigurations = (
				06BDA6E2287304A5003CFF2F /* Debug */,
				06BDA6E3287304A5003CFF2F /* Release */,
			);
			defaultConfigurationIsVisible = 0;
			defaultConfigurationName = Release;
		};
		06BDA6E4287304A5003CFF2F /* Build configuration list for PBXNativeTarget "Ani'tripUITests" */ = {
			isa = XCConfigurationList;
			buildConfigurations = (
				06BDA6E5287304A5003CFF2F /* Debug */,
				06BDA6E6287304A5003CFF2F /* Release */,
			);
			defaultConfigurationIsVisible = 0;
			defaultConfigurationName = Release;
		};
/* End XCConfigurationList section */

/* Begin XCRemoteSwiftPackageReference section */
		065E46F8287721F500D32E05 /* XCRemoteSwiftPackageReference "Alamofire" */ = {
			isa = XCRemoteSwiftPackageReference;
			repositoryURL = "https://github.com/Alamofire/Alamofire.git";
			requirement = {
				kind = upToNextMajorVersion;
				minimumVersion = 5.0.0;
			};
		};
/* End XCRemoteSwiftPackageReference section */

/* Begin XCSwiftPackageProductDependency section */
		065E46F9287721F500D32E05 /* Alamofire */ = {
			isa = XCSwiftPackageProductDependency;
			package = 065E46F8287721F500D32E05 /* XCRemoteSwiftPackageReference "Alamofire" */;
			productName = Alamofire;
		};
/* End XCSwiftPackageProductDependency section */
	};
	rootObject = 06BDA6B2287304A3003CFF2F /* Project object */;
}
